// !$*UTF8*$!
{
	archiveVersion = 1;
	classes = {
	};
	objectVersion = 46;
	objects = {

/* Begin PBXBuildFile section */
		080592D81E2D25BB008DFB70 /* main.m in Sources */ = {isa = PBXBuildFile; fileRef = 080592D71E2D25BB008DFB70 /* main.m */; };
		080592DB1E2D25BB008DFB70 /* AppDelegate.m in Sources */ = {isa = PBXBuildFile; fileRef = 080592DA1E2D25BB008DFB70 /* AppDelegate.m */; };
		080592E31E2D25BB008DFB70 /* Assets.xcassets in Resources */ = {isa = PBXBuildFile; fileRef = 080592E21E2D25BB008DFB70 /* Assets.xcassets */; };
		080592F11E2D25BB008DFB70 /* MessStoreTests.m in Sources */ = {isa = PBXBuildFile; fileRef = 080592F01E2D25BB008DFB70 /* MessStoreTests.m */; };
		080592FC1E2D25BB008DFB70 /* MessStoreUITests.m in Sources */ = {isa = PBXBuildFile; fileRef = 080592FB1E2D25BB008DFB70 /* MessStoreUITests.m */; };
		08AEAA2C1E40FB7600A32A4B /* UIKit.framework in Frameworks */ = {isa = PBXBuildFile; fileRef = 08AEAA2B1E40FB7600A32A4B /* UIKit.framework */; };
		08AEAA2E1E40FB8200A32A4B /* Foundation.framework in Frameworks */ = {isa = PBXBuildFile; fileRef = 08AEAA2D1E40FB8200A32A4B /* Foundation.framework */; };
		08AEAA311E41252E00A32A4B /* MSTabbarViewController.m in Sources */ = {isa = PBXBuildFile; fileRef = 08AEAA301E41252E00A32A4B /* MSTabbarViewController.m */; };
		08AEAA351E4232E000A32A4B /* LifeTableViewController.m in Sources */ = {isa = PBXBuildFile; fileRef = 08AEAA341E4232E000A32A4B /* LifeTableViewController.m */; };
		08AEAA3C1E42351900A32A4B /* LifeBodyCell.m in Sources */ = {isa = PBXBuildFile; fileRef = 08AEAA3A1E42351900A32A4B /* LifeBodyCell.m */; };
		08AEAA3D1E42351900A32A4B /* LifeBodyCell.xib in Resources */ = {isa = PBXBuildFile; fileRef = 08AEAA3B1E42351900A32A4B /* LifeBodyCell.xib */; };
		08AEAA411E42386500A32A4B /* LifeBodyItem.m in Sources */ = {isa = PBXBuildFile; fileRef = 08AEAA401E42386500A32A4B /* LifeBodyItem.m */; };
		08AEAA441E42404D00A32A4B /* LifeSection.m in Sources */ = {isa = PBXBuildFile; fileRef = 08AEAA431E42404D00A32A4B /* LifeSection.m */; };
		08AEAA491E426B9300A32A4B /* Main.storyboard in Resources */ = {isa = PBXBuildFile; fileRef = 08AEAA481E426B9300A32A4B /* Main.storyboard */; };
		08AEAA511E426DBD00A32A4B /* CSStickyHeaderFlowLayout.m in Sources */ = {isa = PBXBuildFile; fileRef = 08AEAA4E1E426DBD00A32A4B /* CSStickyHeaderFlowLayout.m */; };
		08AEAA521E426DBD00A32A4B /* CSStickyHeaderFlowLayoutAttributes.m in Sources */ = {isa = PBXBuildFile; fileRef = 08AEAA501E426DBD00A32A4B /* CSStickyHeaderFlowLayoutAttributes.m */; };
		08AEAA551E428DE900A32A4B /* WeatherModel.m in Sources */ = {isa = PBXBuildFile; fileRef = 08AEAA541E428DE900A32A4B /* WeatherModel.m */; };
		08AEAA581E43856900A32A4B /* WeatherViewController.m in Sources */ = {isa = PBXBuildFile; fileRef = 08AEAA571E43856900A32A4B /* WeatherViewController.m */; };
		08AEAA5C1E43858200A32A4B /* WeatherTableViewCell.m in Sources */ = {isa = PBXBuildFile; fileRef = 08AEAA5A1E43858200A32A4B /* WeatherTableViewCell.m */; };
		08AEAA5D1E43858200A32A4B /* WeatherTableViewCell.xib in Resources */ = {isa = PBXBuildFile; fileRef = 08AEAA5B1E43858200A32A4B /* WeatherTableViewCell.xib */; };
/* End PBXBuildFile section */

/* Begin PBXContainerItemProxy section */
		080592ED1E2D25BB008DFB70 /* PBXContainerItemProxy */ = {
			isa = PBXContainerItemProxy;
			containerPortal = 080592CB1E2D25BB008DFB70 /* Project object */;
			proxyType = 1;
			remoteGlobalIDString = 080592D21E2D25BB008DFB70;
			remoteInfo = MessStore;
		};
		080592F81E2D25BB008DFB70 /* PBXContainerItemProxy */ = {
			isa = PBXContainerItemProxy;
			containerPortal = 080592CB1E2D25BB008DFB70 /* Project object */;
			proxyType = 1;
			remoteGlobalIDString = 080592D21E2D25BB008DFB70;
			remoteInfo = MessStore;
		};
/* End PBXContainerItemProxy section */

/* Begin PBXFileReference section */
		080592D31E2D25BB008DFB70 /* MessStore.app */ = {isa = PBXFileReference; explicitFileType = wrapper.application; includeInIndex = 0; path = MessStore.app; sourceTree = BUILT_PRODUCTS_DIR; };
		080592D71E2D25BB008DFB70 /* main.m */ = {isa = PBXFileReference; lastKnownFileType = sourcecode.c.objc; path = main.m; sourceTree = "<group>"; };
		080592D91E2D25BB008DFB70 /* AppDelegate.h */ = {isa = PBXFileReference; lastKnownFileType = sourcecode.c.h; path = AppDelegate.h; sourceTree = "<group>"; };
		080592DA1E2D25BB008DFB70 /* AppDelegate.m */ = {isa = PBXFileReference; lastKnownFileType = sourcecode.c.objc; path = AppDelegate.m; sourceTree = "<group>"; };
		080592E21E2D25BB008DFB70 /* Assets.xcassets */ = {isa = PBXFileReference; lastKnownFileType = folder.assetcatalog; path = Assets.xcassets; sourceTree = "<group>"; };
		080592E71E2D25BB008DFB70 /* Info.plist */ = {isa = PBXFileReference; lastKnownFileType = text.plist.xml; path = Info.plist; sourceTree = "<group>"; };
		080592EC1E2D25BB008DFB70 /* MessStoreTests.xctest */ = {isa = PBXFileReference; explicitFileType = wrapper.cfbundle; includeInIndex = 0; path = MessStoreTests.xctest; sourceTree = BUILT_PRODUCTS_DIR; };
		080592F01E2D25BB008DFB70 /* MessStoreTests.m */ = {isa = PBXFileReference; lastKnownFileType = sourcecode.c.objc; path = MessStoreTests.m; sourceTree = "<group>"; };
		080592F21E2D25BB008DFB70 /* Info.plist */ = {isa = PBXFileReference; lastKnownFileType = text.plist.xml; path = Info.plist; sourceTree = "<group>"; };
		080592F71E2D25BB008DFB70 /* MessStoreUITests.xctest */ = {isa = PBXFileReference; explicitFileType = wrapper.cfbundle; includeInIndex = 0; path = MessStoreUITests.xctest; sourceTree = BUILT_PRODUCTS_DIR; };
		080592FB1E2D25BB008DFB70 /* MessStoreUITests.m */ = {isa = PBXFileReference; lastKnownFileType = sourcecode.c.objc; path = MessStoreUITests.m; sourceTree = "<group>"; };
		080592FD1E2D25BB008DFB70 /* Info.plist */ = {isa = PBXFileReference; lastKnownFileType = text.plist.xml; path = Info.plist; sourceTree = "<group>"; };
		08AEAA2B1E40FB7600A32A4B /* UIKit.framework */ = {isa = PBXFileReference; lastKnownFileType = wrapper.framework; name = UIKit.framework; path = System/Library/Frameworks/UIKit.framework; sourceTree = SDKROOT; };
		08AEAA2D1E40FB8200A32A4B /* Foundation.framework */ = {isa = PBXFileReference; lastKnownFileType = wrapper.framework; name = Foundation.framework; path = System/Library/Frameworks/Foundation.framework; sourceTree = SDKROOT; };
		08AEAA2F1E41252E00A32A4B /* MSTabbarViewController.h */ = {isa = PBXFileReference; fileEncoding = 4; lastKnownFileType = sourcecode.c.h; path = MSTabbarViewController.h; sourceTree = "<group>"; };
		08AEAA301E41252E00A32A4B /* MSTabbarViewController.m */ = {isa = PBXFileReference; fileEncoding = 4; lastKnownFileType = sourcecode.c.objc; path = MSTabbarViewController.m; sourceTree = "<group>"; };
		08AEAA331E4232E000A32A4B /* LifeTableViewController.h */ = {isa = PBXFileReference; fileEncoding = 4; lastKnownFileType = sourcecode.c.h; path = LifeTableViewController.h; sourceTree = "<group>"; };
		08AEAA341E4232E000A32A4B /* LifeTableViewController.m */ = {isa = PBXFileReference; fileEncoding = 4; lastKnownFileType = sourcecode.c.objc; path = LifeTableViewController.m; sourceTree = "<group>"; };
		08AEAA391E42351900A32A4B /* LifeBodyCell.h */ = {isa = PBXFileReference; fileEncoding = 4; lastKnownFileType = sourcecode.c.h; path = LifeBodyCell.h; sourceTree = "<group>"; };
		08AEAA3A1E42351900A32A4B /* LifeBodyCell.m */ = {isa = PBXFileReference; fileEncoding = 4; lastKnownFileType = sourcecode.c.objc; path = LifeBodyCell.m; sourceTree = "<group>"; };
		08AEAA3B1E42351900A32A4B /* LifeBodyCell.xib */ = {isa = PBXFileReference; fileEncoding = 4; lastKnownFileType = file.xib; path = LifeBodyCell.xib; sourceTree = "<group>"; };
		08AEAA3E1E4237C500A32A4B /* MSComment.h */ = {isa = PBXFileReference; lastKnownFileType = sourcecode.c.h; path = MSComment.h; sourceTree = "<group>"; };
		08AEAA3F1E42386500A32A4B /* LifeBodyItem.h */ = {isa = PBXFileReference; fileEncoding = 4; lastKnownFileType = sourcecode.c.h; path = LifeBodyItem.h; sourceTree = "<group>"; };
		08AEAA401E42386500A32A4B /* LifeBodyItem.m */ = {isa = PBXFileReference; fileEncoding = 4; lastKnownFileType = sourcecode.c.objc; path = LifeBodyItem.m; sourceTree = "<group>"; };
		08AEAA421E42404D00A32A4B /* LifeSection.h */ = {isa = PBXFileReference; fileEncoding = 4; lastKnownFileType = sourcecode.c.h; path = LifeSection.h; sourceTree = "<group>"; };
		08AEAA431E42404D00A32A4B /* LifeSection.m */ = {isa = PBXFileReference; fileEncoding = 4; lastKnownFileType = sourcecode.c.objc; path = LifeSection.m; sourceTree = "<group>"; };
		08AEAA481E426B9300A32A4B /* Main.storyboard */ = {isa = PBXFileReference; fileEncoding = 4; lastKnownFileType = file.storyboard; path = Main.storyboard; sourceTree = "<group>"; };
		08AEAA4D1E426DBD00A32A4B /* CSStickyHeaderFlowLayout.h */ = {isa = PBXFileReference; fileEncoding = 4; lastKnownFileType = sourcecode.c.h; name = CSStickyHeaderFlowLayout.h; path = CSStickyHeaderFlowLayout/CSStickyHeaderFlowLayout.h; sourceTree = "<group>"; };
		08AEAA4E1E426DBD00A32A4B /* CSStickyHeaderFlowLayout.m */ = {isa = PBXFileReference; fileEncoding = 4; lastKnownFileType = sourcecode.c.objc; name = CSStickyHeaderFlowLayout.m; path = CSStickyHeaderFlowLayout/CSStickyHeaderFlowLayout.m; sourceTree = "<group>"; };
		08AEAA4F1E426DBD00A32A4B /* CSStickyHeaderFlowLayoutAttributes.h */ = {isa = PBXFileReference; fileEncoding = 4; lastKnownFileType = sourcecode.c.h; name = CSStickyHeaderFlowLayoutAttributes.h; path = CSStickyHeaderFlowLayout/CSStickyHeaderFlowLayoutAttributes.h; sourceTree = "<group>"; };
		08AEAA501E426DBD00A32A4B /* CSStickyHeaderFlowLayoutAttributes.m */ = {isa = PBXFileReference; fileEncoding = 4; lastKnownFileType = sourcecode.c.objc; name = CSStickyHeaderFlowLayoutAttributes.m; path = CSStickyHeaderFlowLayout/CSStickyHeaderFlowLayoutAttributes.m; sourceTree = "<group>"; };
		08AEAA531E428DE900A32A4B /* WeatherModel.h */ = {isa = PBXFileReference; fileEncoding = 4; lastKnownFileType = sourcecode.c.h; path = WeatherModel.h; sourceTree = "<group>"; };
		08AEAA541E428DE900A32A4B /* WeatherModel.m */ = {isa = PBXFileReference; fileEncoding = 4; lastKnownFileType = sourcecode.c.objc; path = WeatherModel.m; sourceTree = "<group>"; };
		08AEAA561E43856900A32A4B /* WeatherViewController.h */ = {isa = PBXFileReference; fileEncoding = 4; lastKnownFileType = sourcecode.c.h; path = WeatherViewController.h; sourceTree = "<group>"; };
		08AEAA571E43856900A32A4B /* WeatherViewController.m */ = {isa = PBXFileReference; fileEncoding = 4; lastKnownFileType = sourcecode.c.objc; path = WeatherViewController.m; sourceTree = "<group>"; };
		08AEAA591E43858200A32A4B /* WeatherTableViewCell.h */ = {isa = PBXFileReference; fileEncoding = 4; lastKnownFileType = sourcecode.c.h; path = WeatherTableViewCell.h; sourceTree = "<group>"; };
		08AEAA5A1E43858200A32A4B /* WeatherTableViewCell.m */ = {isa = PBXFileReference; fileEncoding = 4; lastKnownFileType = sourcecode.c.objc; path = WeatherTableViewCell.m; sourceTree = "<group>"; };
		08AEAA5B1E43858200A32A4B /* WeatherTableViewCell.xib */ = {isa = PBXFileReference; fileEncoding = 4; lastKnownFileType = file.xib; path = WeatherTableViewCell.xib; sourceTree = "<group>"; };
/* End PBXFileReference section */

/* Begin PBXFrameworksBuildPhase section */
		080592D01E2D25BB008DFB70 /* Frameworks */ = {
			isa = PBXFrameworksBuildPhase;
			buildActionMask = 2147483647;
			files = (
				08AEAA2E1E40FB8200A32A4B /* Foundation.framework in Frameworks */,
				08AEAA2C1E40FB7600A32A4B /* UIKit.framework in Frameworks */,
			);
			runOnlyForDeploymentPostprocessing = 0;
		};
		080592E91E2D25BB008DFB70 /* Frameworks */ = {
			isa = PBXFrameworksBuildPhase;
			buildActionMask = 2147483647;
			files = (
			);
			runOnlyForDeploymentPostprocessing = 0;
		};
		080592F41E2D25BB008DFB70 /* Frameworks */ = {
			isa = PBXFrameworksBuildPhase;
			buildActionMask = 2147483647;
			files = (
			);
			runOnlyForDeploymentPostprocessing = 0;
		};
/* End PBXFrameworksBuildPhase section */

/* Begin PBXGroup section */
		080592CA1E2D25BB008DFB70 = {
			isa = PBXGroup;
			children = (
				08AEAA321E4232C500A32A4B /* Life */,
				08AEAA271E40F8E400A32A4B /* GroupBuying */,
				08AEAA261E40F8DB00A32A4B /* More */,
				08AEAA251E40F8CC00A32A4B /* News */,
				08AEAA241E40F8C100A32A4B /* Main */,
				080592D51E2D25BB008DFB70 /* MessStore */,
				080592EF1E2D25BB008DFB70 /* MessStoreTests */,
				080592FA1E2D25BB008DFB70 /* MessStoreUITests */,
				080592D41E2D25BB008DFB70 /* Products */,
				08AEAA2A1E40FB7600A32A4B /* Frameworks */,
			);
			sourceTree = "<group>";
		};
		080592D41E2D25BB008DFB70 /* Products */ = {
			isa = PBXGroup;
			children = (
				080592D31E2D25BB008DFB70 /* MessStore.app */,
				080592EC1E2D25BB008DFB70 /* MessStoreTests.xctest */,
				080592F71E2D25BB008DFB70 /* MessStoreUITests.xctest */,
			);
			name = Products;
			sourceTree = "<group>";
		};
		080592D51E2D25BB008DFB70 /* MessStore */ = {
			isa = PBXGroup;
			children = (
				080592D91E2D25BB008DFB70 /* AppDelegate.h */,
				080592DA1E2D25BB008DFB70 /* AppDelegate.m */,
				080592E21E2D25BB008DFB70 /* Assets.xcassets */,
				080592E71E2D25BB008DFB70 /* Info.plist */,
				08AEAA3E1E4237C500A32A4B /* MSComment.h */,
				08AEAA4C1E426DAE00A32A4B /* CSStickyHeaderFlowLayout */,
				080592D61E2D25BB008DFB70 /* Supporting Files */,
			);
			path = MessStore;
			sourceTree = "<group>";
		};
		080592D61E2D25BB008DFB70 /* Supporting Files */ = {
			isa = PBXGroup;
			children = (
				080592D71E2D25BB008DFB70 /* main.m */,
			);
			name = "Supporting Files";
			sourceTree = "<group>";
		};
		080592EF1E2D25BB008DFB70 /* MessStoreTests */ = {
			isa = PBXGroup;
			children = (
				080592F01E2D25BB008DFB70 /* MessStoreTests.m */,
				080592F21E2D25BB008DFB70 /* Info.plist */,
			);
			path = MessStoreTests;
			sourceTree = "<group>";
		};
		080592FA1E2D25BB008DFB70 /* MessStoreUITests */ = {
			isa = PBXGroup;
			children = (
				080592FB1E2D25BB008DFB70 /* MessStoreUITests.m */,
				080592FD1E2D25BB008DFB70 /* Info.plist */,
			);
			path = MessStoreUITests;
			sourceTree = "<group>";
		};
		08AEAA241E40F8C100A32A4B /* Main */ = {
			isa = PBXGroup;
			children = (
				08AEAA2F1E41252E00A32A4B /* MSTabbarViewController.h */,
				08AEAA301E41252E00A32A4B /* MSTabbarViewController.m */,
				08AEAA481E426B9300A32A4B /* Main.storyboard */,
			);
			name = Main;
			sourceTree = "<group>";
		};
		08AEAA251E40F8CC00A32A4B /* News */ = {
			isa = PBXGroup;
			children = (
				08AEAA561E43856900A32A4B /* WeatherViewController.h */,
				08AEAA571E43856900A32A4B /* WeatherViewController.m */,
				08AEAA591E43858200A32A4B /* WeatherTableViewCell.h */,
				08AEAA5A1E43858200A32A4B /* WeatherTableViewCell.m */,
				08AEAA5B1E43858200A32A4B /* WeatherTableViewCell.xib */,
				08AEAA531E428DE900A32A4B /* WeatherModel.h */,
				08AEAA541E428DE900A32A4B /* WeatherModel.m */,
			);
			name = News;
			sourceTree = "<group>";
		};
		08AEAA261E40F8DB00A32A4B /* More */ = {
			isa = PBXGroup;
			children = (
			);
			name = More;
			sourceTree = "<group>";
		};
		08AEAA271E40F8E400A32A4B /* GroupBuying */ = {
			isa = PBXGroup;
			children = (
			);
			name = GroupBuying;
			sourceTree = "<group>";
		};
		08AEAA2A1E40FB7600A32A4B /* Frameworks */ = {
			isa = PBXGroup;
			children = (
				08AEAA2D1E40FB8200A32A4B /* Foundation.framework */,
				08AEAA2B1E40FB7600A32A4B /* UIKit.framework */,
			);
			name = Frameworks;
			sourceTree = "<group>";
		};
		08AEAA321E4232C500A32A4B /* Life */ = {
			isa = PBXGroup;
			children = (
				08AEAA381E4234B700A32A4B /* Views */,
				08AEAA371E4234AD00A32A4B /* Model */,
				08AEAA361E42349D00A32A4B /* Controllers */,
			);
			name = Life;
			sourceTree = "<group>";
		};
		08AEAA361E42349D00A32A4B /* Controllers */ = {
			isa = PBXGroup;
			children = (
				08AEAA331E4232E000A32A4B /* LifeTableViewController.h */,
				08AEAA341E4232E000A32A4B /* LifeTableViewController.m */,
			);
			name = Controllers;
			sourceTree = "<group>";
		};
		08AEAA371E4234AD00A32A4B /* Model */ = {
			isa = PBXGroup;
			children = (
				08AEAA3F1E42386500A32A4B /* LifeBodyItem.h */,
				08AEAA401E42386500A32A4B /* LifeBodyItem.m */,
				08AEAA421E42404D00A32A4B /* LifeSection.h */,
				08AEAA431E42404D00A32A4B /* LifeSection.m */,
			);
			name = Model;
			sourceTree = "<group>";
		};
		08AEAA381E4234B700A32A4B /* Views */ = {
			isa = PBXGroup;
			children = (
				08AEAA391E42351900A32A4B /* LifeBodyCell.h */,
				08AEAA3A1E42351900A32A4B /* LifeBodyCell.m */,
				08AEAA3B1E42351900A32A4B /* LifeBodyCell.xib */,
			);
			name = Views;
			sourceTree = "<group>";
		};
		08AEAA4C1E426DAE00A32A4B /* CSStickyHeaderFlowLayout */ = {
			isa = PBXGroup;
			children = (
				08AEAA4D1E426DBD00A32A4B /* CSStickyHeaderFlowLayout.h */,
				08AEAA4E1E426DBD00A32A4B /* CSStickyHeaderFlowLayout.m */,
				08AEAA4F1E426DBD00A32A4B /* CSStickyHeaderFlowLayoutAttributes.h */,
				08AEAA501E426DBD00A32A4B /* CSStickyHeaderFlowLayoutAttributes.m */,
			);
			name = CSStickyHeaderFlowLayout;
			sourceTree = "<group>";
		};
/* End PBXGroup section */

/* Begin PBXNativeTarget section */
		080592D21E2D25BB008DFB70 /* MessStore */ = {
			isa = PBXNativeTarget;
			buildConfigurationList = 080593001E2D25BC008DFB70 /* Build configuration list for PBXNativeTarget "MessStore" */;
			buildPhases = (
				080592CF1E2D25BB008DFB70 /* Sources */,
				080592D01E2D25BB008DFB70 /* Frameworks */,
				080592D11E2D25BB008DFB70 /* Resources */,
			);
			buildRules = (
			);
			dependencies = (
			);
			name = MessStore;
			productName = MessStore;
			productReference = 080592D31E2D25BB008DFB70 /* MessStore.app */;
			productType = "com.apple.product-type.application";
		};
		080592EB1E2D25BB008DFB70 /* MessStoreTests */ = {
			isa = PBXNativeTarget;
			buildConfigurationList = 080593031E2D25BC008DFB70 /* Build configuration list for PBXNativeTarget "MessStoreTests" */;
			buildPhases = (
				080592E81E2D25BB008DFB70 /* Sources */,
				080592E91E2D25BB008DFB70 /* Frameworks */,
				080592EA1E2D25BB008DFB70 /* Resources */,
			);
			buildRules = (
			);
			dependencies = (
				080592EE1E2D25BB008DFB70 /* PBXTargetDependency */,
			);
			name = MessStoreTests;
			productName = MessStoreTests;
			productReference = 080592EC1E2D25BB008DFB70 /* MessStoreTests.xctest */;
			productType = "com.apple.product-type.bundle.unit-test";
		};
		080592F61E2D25BB008DFB70 /* MessStoreUITests */ = {
			isa = PBXNativeTarget;
			buildConfigurationList = 080593061E2D25BC008DFB70 /* Build configuration list for PBXNativeTarget "MessStoreUITests" */;
			buildPhases = (
				080592F31E2D25BB008DFB70 /* Sources */,
				080592F41E2D25BB008DFB70 /* Frameworks */,
				080592F51E2D25BB008DFB70 /* Resources */,
			);
			buildRules = (
			);
			dependencies = (
				080592F91E2D25BB008DFB70 /* PBXTargetDependency */,
			);
			name = MessStoreUITests;
			productName = MessStoreUITests;
			productReference = 080592F71E2D25BB008DFB70 /* MessStoreUITests.xctest */;
			productType = "com.apple.product-type.bundle.ui-testing";
		};
/* End PBXNativeTarget section */

/* Begin PBXProject section */
		080592CB1E2D25BB008DFB70 /* Project object */ = {
			isa = PBXProject;
			attributes = {
				LastUpgradeCheck = 0730;
				ORGANIZATIONNAME = MissZhang;
				TargetAttributes = {
					080592D21E2D25BB008DFB70 = {
						CreatedOnToolsVersion = 7.3.1;
						DevelopmentTeam = XBD29W2WTQ;
					};
					080592EB1E2D25BB008DFB70 = {
						CreatedOnToolsVersion = 7.3.1;
						TestTargetID = 080592D21E2D25BB008DFB70;
					};
					080592F61E2D25BB008DFB70 = {
						CreatedOnToolsVersion = 7.3.1;
						TestTargetID = 080592D21E2D25BB008DFB70;
					};
				};
			};
			buildConfigurationList = 080592CE1E2D25BB008DFB70 /* Build configuration list for PBXProject "MessStore" */;
			compatibilityVersion = "Xcode 3.2";
			developmentRegion = English;
			hasScannedForEncodings = 0;
			knownRegions = (
				en,
				Base,
			);
			mainGroup = 080592CA1E2D25BB008DFB70;
			productRefGroup = 080592D41E2D25BB008DFB70 /* Products */;
			projectDirPath = "";
			projectRoot = "";
			targets = (
				080592D21E2D25BB008DFB70 /* MessStore */,
				080592EB1E2D25BB008DFB70 /* MessStoreTests */,
				080592F61E2D25BB008DFB70 /* MessStoreUITests */,
			);
		};
/* End PBXProject section */

/* Begin PBXResourcesBuildPhase section */
		080592D11E2D25BB008DFB70 /* Resources */ = {
			isa = PBXResourcesBuildPhase;
			buildActionMask = 2147483647;
			files = (
				08AEAA5D1E43858200A32A4B /* WeatherTableViewCell.xib in Resources */,
				08AEAA491E426B9300A32A4B /* Main.storyboard in Resources */,
				080592E31E2D25BB008DFB70 /* Assets.xcassets in Resources */,
				08AEAA3D1E42351900A32A4B /* LifeBodyCell.xib in Resources */,
			);
			runOnlyForDeploymentPostprocessing = 0;
		};
		080592EA1E2D25BB008DFB70 /* Resources */ = {
			isa = PBXResourcesBuildPhase;
			buildActionMask = 2147483647;
			files = (
			);
			runOnlyForDeploymentPostprocessing = 0;
		};
		080592F51E2D25BB008DFB70 /* Resources */ = {
			isa = PBXResourcesBuildPhase;
			buildActionMask = 2147483647;
			files = (
			);
			runOnlyForDeploymentPostprocessing = 0;
		};
/* End PBXResourcesBuildPhase section */

/* Begin PBXSourcesBuildPhase section */
		080592CF1E2D25BB008DFB70 /* Sources */ = {
			isa = PBXSourcesBuildPhase;
			buildActionMask = 2147483647;
			files = (
				08AEAA3C1E42351900A32A4B /* LifeBodyCell.m in Sources */,
				08AEAA511E426DBD00A32A4B /* CSStickyHeaderFlowLayout.m in Sources */,
				08AEAA521E426DBD00A32A4B /* CSStickyHeaderFlowLayoutAttributes.m in Sources */,
				08AEAA441E42404D00A32A4B /* LifeSection.m in Sources */,
				08AEAA581E43856900A32A4B /* WeatherViewController.m in Sources */,
				08AEAA311E41252E00A32A4B /* MSTabbarViewController.m in Sources */,
				08AEAA411E42386500A32A4B /* LifeBodyItem.m in Sources */,
				08AEAA551E428DE900A32A4B /* WeatherModel.m in Sources */,
				08AEAA5C1E43858200A32A4B /* WeatherTableViewCell.m in Sources */,
				080592DB1E2D25BB008DFB70 /* AppDelegate.m in Sources */,
				080592D81E2D25BB008DFB70 /* main.m in Sources */,
				08AEAA351E4232E000A32A4B /* LifeTableViewController.m in Sources */,
			);
			runOnlyForDeploymentPostprocessing = 0;
		};
		080592E81E2D25BB008DFB70 /* Sources */ = {
			isa = PBXSourcesBuildPhase;
			buildActionMask = 2147483647;
			files = (
				080592F11E2D25BB008DFB70 /* MessStoreTests.m in Sources */,
			);
			runOnlyForDeploymentPostprocessing = 0;
		};
		080592F31E2D25BB008DFB70 /* Sources */ = {
			isa = PBXSourcesBuildPhase;
			buildActionMask = 2147483647;
			files = (
				080592FC1E2D25BB008DFB70 /* MessStoreUITests.m in Sources */,
			);
			runOnlyForDeploymentPostprocessing = 0;
		};
/* End PBXSourcesBuildPhase section */

/* Begin PBXTargetDependency section */
		080592EE1E2D25BB008DFB70 /* PBXTargetDependency */ = {
			isa = PBXTargetDependency;
			target = 080592D21E2D25BB008DFB70 /* MessStore */;
			targetProxy = 080592ED1E2D25BB008DFB70 /* PBXContainerItemProxy */;
		};
		080592F91E2D25BB008DFB70 /* PBXTargetDependency */ = {
			isa = PBXTargetDependency;
			target = 080592D21E2D25BB008DFB70 /* MessStore */;
			targetProxy = 080592F81E2D25BB008DFB70 /* PBXContainerItemProxy */;
		};
/* End PBXTargetDependency section */

/* Begin XCBuildConfiguration section */
		080592FE1E2D25BC008DFB70 /* Debug */ = {
			isa = XCBuildConfiguration;
			buildSettings = {
				ALWAYS_SEARCH_USER_PATHS = NO;
				CLANG_ANALYZER_NONNULL = YES;
				CLANG_CXX_LANGUAGE_STANDARD = "gnu++0x";
				CLANG_CXX_LIBRARY = "libc++";
				CLANG_ENABLE_MODULES = YES;
				CLANG_ENABLE_OBJC_ARC = YES;
				CLANG_WARN_BOOL_CONVERSION = YES;
				CLANG_WARN_CONSTANT_CONVERSION = YES;
				CLANG_WARN_DIRECT_OBJC_ISA_USAGE = YES_ERROR;
				CLANG_WARN_EMPTY_BODY = YES;
				CLANG_WARN_ENUM_CONVERSION = YES;
				CLANG_WARN_INT_CONVERSION = YES;
				CLANG_WARN_OBJC_ROOT_CLASS = YES_ERROR;
				CLANG_WARN_UNREACHABLE_CODE = YES;
				CLANG_WARN__DUPLICATE_METHOD_MATCH = YES;
				"CODE_SIGN_IDENTITY[sdk=iphoneos*]" = "iPhone Developer";
				COPY_PHASE_STRIP = NO;
				DEBUG_INFORMATION_FORMAT = dwarf;
				ENABLE_STRICT_OBJC_MSGSEND = YES;
				ENABLE_TESTABILITY = YES;
				GCC_C_LANGUAGE_STANDARD = gnu99;
				GCC_DYNAMIC_NO_PIC = NO;
				GCC_NO_COMMON_BLOCKS = YES;
				GCC_OPTIMIZATION_LEVEL = 0;
				GCC_PREPROCESSOR_DEFINITIONS = (
					"DEBUG=1",
					"$(inherited)",
				);
				GCC_WARN_64_TO_32_BIT_CONVERSION = YES;
				GCC_WARN_ABOUT_RETURN_TYPE = YES_ERROR;
				GCC_WARN_UNDECLARED_SELECTOR = YES;
				GCC_WARN_UNINITIALIZED_AUTOS = YES_AGGRESSIVE;
				GCC_WARN_UNUSED_FUNCTION = YES;
				GCC_WARN_UNUSED_VARIABLE = YES;
				IPHONEOS_DEPLOYMENT_TARGET = 9.3;
				MTL_ENABLE_DEBUG_INFO = YES;
				ONLY_ACTIVE_ARCH = YES;
				SDKROOT = iphoneos;
			};
			name = Debug;
		};
		080592FF1E2D25BC008DFB70 /* Release */ = {
			isa = XCBuildConfiguration;
			buildSettings = {
				ALWAYS_SEARCH_USER_PATHS = NO;
				CLANG_ANALYZER_NONNULL = YES;
				CLANG_CXX_LANGUAGE_STANDARD = "gnu++0x";
				CLANG_CXX_LIBRARY = "libc++";
				CLANG_ENABLE_MODULES = YES;
				CLANG_ENABLE_OBJC_ARC = YES;
				CLANG_WARN_BOOL_CONVERSION = YES;
				CLANG_WARN_CONSTANT_CONVERSION = YES;
				CLANG_WARN_DIRECT_OBJC_ISA_USAGE = YES_ERROR;
				CLANG_WARN_EMPTY_BODY = YES;
				CLANG_WARN_ENUM_CONVERSION = YES;
				CLANG_WARN_INT_CONVERSION = YES;
				CLANG_WARN_OBJC_ROOT_CLASS = YES_ERROR;
				CLANG_WARN_UNREACHABLE_CODE = YES;
				CLANG_WARN__DUPLICATE_METHOD_MATCH = YES;
				"CODE_SIGN_IDENTITY[sdk=iphoneos*]" = "iPhone Developer";
				COPY_PHASE_STRIP = NO;
				DEBUG_INFORMATION_FORMAT = "dwarf-with-dsym";
				ENABLE_NS_ASSERTIONS = NO;
				ENABLE_STRICT_OBJC_MSGSEND = YES;
				GCC_C_LANGUAGE_STANDARD = gnu99;
				GCC_NO_COMMON_BLOCKS = YES;
				GCC_WARN_64_TO_32_BIT_CONVERSION = YES;
				GCC_WARN_ABOUT_RETURN_TYPE = YES_ERROR;
				GCC_WARN_UNDECLARED_SELECTOR = YES;
				GCC_WARN_UNINITIALIZED_AUTOS = YES_AGGRESSIVE;
				GCC_WARN_UNUSED_FUNCTION = YES;
				GCC_WARN_UNUSED_VARIABLE = YES;
				IPHONEOS_DEPLOYMENT_TARGET = 9.3;
				MTL_ENABLE_DEBUG_INFO = NO;
				SDKROOT = iphoneos;
				VALIDATE_PRODUCT = YES;
			};
			name = Release;
		};
		080593011E2D25BC008DFB70 /* Debug */ = {
			isa = XCBuildConfiguration;
			buildSettings = {
				ASSETCATALOG_COMPILER_APPICON_NAME = AppIcon;
				DEVELOPMENT_TEAM = XBD29W2WTQ;
				INFOPLIST_FILE = MessStore/Info.plist;
				IPHONEOS_DEPLOYMENT_TARGET = 7.0;
				LD_RUNPATH_SEARCH_PATHS = "$(inherited) @executable_path/Frameworks";
				PRODUCT_BUNDLE_IDENTIFIER = come.MissZhang.MessStore;
				PRODUCT_NAME = "$(TARGET_NAME)";
			};
			name = Debug;
		};
		080593021E2D25BC008DFB70 /* Release */ = {
			isa = XCBuildConfiguration;
			buildSettings = {
				ASSETCATALOG_COMPILER_APPICON_NAME = AppIcon;
				DEVELOPMENT_TEAM = XBD29W2WTQ;
				INFOPLIST_FILE = MessStore/Info.plist;
				IPHONEOS_DEPLOYMENT_TARGET = 7.0;
				LD_RUNPATH_SEARCH_PATHS = "$(inherited) @executable_path/Frameworks";
				PRODUCT_BUNDLE_IDENTIFIER = come.MissZhang.MessStore;
				PRODUCT_NAME = "$(TARGET_NAME)";
			};
			name = Release;
		};
		080593041E2D25BC008DFB70 /* Debug */ = {
			isa = XCBuildConfiguration;
			buildSettings = {
				BUNDLE_LOADER = "$(TEST_HOST)";
				INFOPLIST_FILE = MessStoreTests/Info.plist;
				LD_RUNPATH_SEARCH_PATHS = "$(inherited) @executable_path/Frameworks @loader_path/Frameworks";
				PRODUCT_BUNDLE_IDENTIFIER = come.MissZhang.MessStoreTests;
				PRODUCT_NAME = "$(TARGET_NAME)";
				TEST_HOST = "$(BUILT_PRODUCTS_DIR)/MessStore.app/MessStore";
			};
			name = Debug;
		};
		080593051E2D25BC008DFB70 /* Release */ = {
			isa = XCBuildConfiguration;
			buildSettings = {
				BUNDLE_LOADER = "$(TEST_HOST)";
				INFOPLIST_FILE = MessStoreTests/Info.plist;
				LD_RUNPATH_SEARCH_PATHS = "$(inherited) @executable_path/Frameworks @loader_path/Frameworks";
				PRODUCT_BUNDLE_IDENTIFIER = come.MissZhang.MessStoreTests;
				PRODUCT_NAME = "$(TARGET_NAME)";
				TEST_HOST = "$(BUILT_PRODUCTS_DIR)/MessStore.app/MessStore";
			};
			name = Release;
		};
		080593071E2D25BC008DFB70 /* Debug */ = {
			isa = XCBuildConfiguration;
			buildSettings = {
				INFOPLIST_FILE = MessStoreUITests/Info.plist;
				LD_RUNPATH_SEARCH_PATHS = "$(inherited) @executable_path/Frameworks @loader_path/Frameworks";
				PRODUCT_BUNDLE_IDENTIFIER = come.MissZhang.MessStoreUITests;
				PRODUCT_NAME = "$(TARGET_NAME)";
				TEST_TARGET_NAME = MessStore;
			};
			name = Debug;
		};
		080593081E2D25BC008DFB70 /* Release */ = {
			isa = XCBuildConfiguration;
			buildSettings = {
				INFOPLIST_FILE = MessStoreUITests/Info.plist;
				LD_RUNPATH_SEARCH_PATHS = "$(inherited) @executable_path/Frameworks @loader_path/Frameworks";
				PRODUCT_BUNDLE_IDENTIFIER = come.MissZhang.MessStoreUITests;
				PRODUCT_NAME = "$(TARGET_NAME)";
				TEST_TARGET_NAME = MessStore;
			};
			name = Release;
		};
/* End XCBuildConfiguration section */

/* Begin XCConfigurationList section */
		080592CE1E2D25BB008DFB70 /* Build configuration list for PBXProject "MessStore" */ = {
			isa = XCConfigurationList;
			buildConfigurations = (
				080592FE1E2D25BC008DFB70 /* Debug */,
				080592FF1E2D25BC008DFB70 /* Release */,
			);
			defaultConfigurationIsVisible = 0;
			defaultConfigurationName = Release;
		};
		080593001E2D25BC008DFB70 /* Build configuration list for PBXNativeTarget "MessStore" */ = {
			isa = XCConfigurationList;
			buildConfigurations = (
				080593011E2D25BC008DFB70 /* Debug */,
				080593021E2D25BC008DFB70 /* Release */,
			);
			defaultConfigurationIsVisible = 0;
			defaultConfigurationName = Release;
		};
		080593031E2D25BC008DFB70 /* Build configuration list for PBXNativeTarget "MessStoreTests" */ = {
			isa = XCConfigurationList;
			buildConfigurations = (
				080593041E2D25BC008DFB70 /* Debug */,
				080593051E2D25BC008DFB70 /* Release */,
			);
			defaultConfigurationIsVisible = 0;
			defaultConfigurationName = Release;
		};
		080593061E2D25BC008DFB70 /* Build configuration list for PBXNativeTarget "MessStoreUITests" */ = {
			isa = XCConfigurationList;
			buildConfigurations = (
				080593071E2D25BC008DFB70 /* Debug */,
				080593081E2D25BC008DFB70 /* Release */,
			);
			defaultConfigurationIsVisible = 0;
			defaultConfigurationName = Release;
		};
/* End XCConfigurationList section */
	};
	rootObject = 080592CB1E2D25BB008DFB70 /* Project object */;
}
